
Microsoft Visual Studio Solution File, Format Version 12.00
# Visual Studio Version 17
VisualStudioVersion = 17.8.34309.116
MinimumVisualStudioVersion = 10.0.40219.1
Project("{FAE04EC0-301F-11D3-BF4B-00C04F79EFBC}") = "ImageConvertWebServer", "ImageConvertWebServer.csproj", "{F510758A-E33A-4C01-B326-6F2D09A86DDC}"
EndProject
Global
	GlobalSection(SolutionConfigurationPlatforms) = preSolution
		Debug|Any CPU = Debug|Any CPU
		Release|Any CPU = Release|Any CPU
	EndGlobalSection
	GlobalSection(ProjectConfigurationPlatforms) = postSolution
		{F510758A-E33A-4C01-B326-6F2D09A86DDC}.Debug|Any CPU.ActiveCfg = Debug|Any CPU
		{F510758A-E33A-4C01-B326-6F2D09A86DDC}.Debug|Any CPU.Build.0 = Debug|Any CPU
		{F510758A-E33A-4C01-B326-6F2D09A86DDC}.Release|Any CPU.ActiveCfg = Release|Any CPU
		{F510758A-E33A-4C01-B326-6F2D09A86DDC}.Release|Any CPU.Build.0 = Release|Any CPU
	EndGlobalSection
	GlobalSection(SolutionProperties) = preSolution
		HideSolutionNode = FALSE
	EndGlobalSection
	GlobalSection(ExtensibilityGlobals) = postSolution
		SolutionGuid = {334BF82E-C2C2-47EF-9D92-8EE0314A4B1D}
	EndGlobalSection
EndGlobal
